// !$*UTF8*$!
{
	archiveVersion = 1;
	classes = {
	};
	objectVersion = 56;
	objects = {

/* Begin PBXBuildFile section */
		494890A7E78C1B44A3776CE9 /* .graphqlconfig in Resources */ = {isa = PBXBuildFile; fileRef = 494894E058C8B509A12197C2 /* .graphqlconfig */; };
		49489BB344D52E3C43F71AC8 /* Auth.graphql in Resources */ = {isa = PBXBuildFile; fileRef = 49489146A4B125BC4686BDB1 /* Auth.graphql */; };
		49489F22C0B40673C46120DB /* SurfSpots.graphql in Resources */ = {isa = PBXBuildFile; fileRef = 49489C8560F5D30EB16C481A /* SurfSpots.graphql */; };
		A2A1BBB92A790B56001248B7 /* SurfSpotDetail.swift in Sources */ = {isa = PBXBuildFile; fileRef = A2A1BBB82A790B56001248B7 /* SurfSpotDetail.swift */; };
		A2C872F72A783DF2000FF483 /* SurfSpotMangerrzApp.swift in Sources */ = {isa = PBXBuildFile; fileRef = A2C872F62A783DF2000FF483 /* SurfSpotMangerrzApp.swift */; };
		A2C872F92A783DF2000FF483 /* ContentView.swift in Sources */ = {isa = PBXBuildFile; fileRef = A2C872F82A783DF2000FF483 /* ContentView.swift */; };
		A2C872FB2A783DF3000FF483 /* Assets.xcassets in Resources */ = {isa = PBXBuildFile; fileRef = A2C872FA2A783DF3000FF483 /* Assets.xcassets */; };
		A2C872FF2A783DF3000FF483 /* Preview Assets.xcassets in Resources */ = {isa = PBXBuildFile; fileRef = A2C872FE2A783DF3000FF483 /* Preview Assets.xcassets */; };
		A2C873072A783E6A000FF483 /* Apollo in Frameworks */ = {isa = PBXBuildFile; productRef = A2C873062A783E6A000FF483 /* Apollo */; };
		A2C873092A783E7A000FF483 /* Constants.swift in Sources */ = {isa = PBXBuildFile; fileRef = A2C873082A783E7A000FF483 /* Constants.swift */; };
		A2C8730D2A783EB6000FF483 /* Login.swift in Sources */ = {isa = PBXBuildFile; fileRef = A2C8730C2A783EB6000FF483 /* Login.swift */; };
		A2C873102A783EC4000FF483 /* Registration.swift in Sources */ = {isa = PBXBuildFile; fileRef = A2C8730F2A783EC4000FF483 /* Registration.swift */; };
		A2C873122A783ED6000FF483 /* SurfSpotList.swift in Sources */ = {isa = PBXBuildFile; fileRef = A2C873112A783ED6000FF483 /* SurfSpotList.swift */; };
		A2C873182A783F18000FF483 /* Network.swift in Sources */ = {isa = PBXBuildFile; fileRef = A2C873172A783F18000FF483 /* Network.swift */; };
		A2C8731A2A783F58000FF483 /* NetworkInterceptorProvider.swift in Sources */ = {isa = PBXBuildFile; fileRef = A2C873192A783F58000FF483 /* NetworkInterceptorProvider.swift */; };
		A2C8731C2A783F6E000FF483 /* AuthorizationInterceptor.swift in Sources */ = {isa = PBXBuildFile; fileRef = A2C8731B2A783F6E000FF483 /* AuthorizationInterceptor.swift */; };
		A2C8731F2A783F8F000FF483 /* KeychainSwift in Frameworks */ = {isa = PBXBuildFile; productRef = A2C8731E2A783F8F000FF483 /* KeychainSwift */; };
		A2C873262A784136000FF483 /* User.graphql in Resources */ = {isa = PBXBuildFile; fileRef = A2C873252A784136000FF483 /* User.graphql */; };
		A2C873282A7841B0000FF483 /* apollo-codegen-config.json in Resources */ = {isa = PBXBuildFile; fileRef = A2C873272A7841B0000FF483 /* apollo-codegen-config.json */; };
		A2C873352A784452000FF483 /* SurfSpotManagerrzApi in Frameworks */ = {isa = PBXBuildFile; productRef = A2C873342A784452000FF483 /* SurfSpotManagerrzApi */; };
		A2C873372A7844B4000FF483 /* AuthViewModel.swift in Sources */ = {isa = PBXBuildFile; fileRef = A2C873362A7844B4000FF483 /* AuthViewModel.swift */; };
		A2C8733A2A7845B3000FF483 /* Authorization.swift in Sources */ = {isa = PBXBuildFile; fileRef = A2C873392A7845B3000FF483 /* Authorization.swift */; };
		A2C8733D2A7845FF000FF483 /* View+Border.swift in Sources */ = {isa = PBXBuildFile; fileRef = A2C8733C2A7845FF000FF483 /* View+Border.swift */; };
		A2C8733F2A7854DB000FF483 /* SurfSpotViewModel.swift in Sources */ = {isa = PBXBuildFile; fileRef = A2C8733E2A7854DB000FF483 /* SurfSpotViewModel.swift */; };
		A2C873422A7857AD000FF483 /* HighlightedText.swift in Sources */ = {isa = PBXBuildFile; fileRef = A2C873412A7857AD000FF483 /* HighlightedText.swift */; };
		A2C873442A78DBA9000FF483 /* AddressViewModel.swift in Sources */ = {isa = PBXBuildFile; fileRef = A2C873432A78DBA9000FF483 /* AddressViewModel.swift */; };
		A2C873462A78DEA1000FF483 /* AddressSelection.swift in Sources */ = {isa = PBXBuildFile; fileRef = A2C873452A78DEA1000FF483 /* AddressSelection.swift */; };
		A2C873482A78E3A5000FF483 /* backend-schema.graphql in Resources */ = {isa = PBXBuildFile; fileRef = A2C873472A78E3A5000FF483 /* backend-schema.graphql */; };
		A2C8734D2A78F01E000FF483 /* SurfSpotPreview.swift in Sources */ = {isa = PBXBuildFile; fileRef = A2C8734C2A78F01E000FF483 /* SurfSpotPreview.swift */; };
		A2C8734F2A78F04B000FF483 /* SurfSpotEdit.swift in Sources */ = {isa = PBXBuildFile; fileRef = A2C8734E2A78F04B000FF483 /* SurfSpotEdit.swift */; };
		A2C873512A78FC81000FF483 /* LocationSummary.swift in Sources */ = {isa = PBXBuildFile; fileRef = A2C873502A78FC81000FF483 /* LocationSummary.swift */; };
		A2C873532A790483000FF483 /* Rating.swift in Sources */ = {isa = PBXBuildFile; fileRef = A2C873522A790483000FF483 /* Rating.swift */; };
		A2C873562A790953000FF483 /* Profile.swift in Sources */ = {isa = PBXBuildFile; fileRef = A2C873552A790953000FF483 /* Profile.swift */; };
		A2C873582A79095A000FF483 /* AppWrapper.swift in Sources */ = {isa = PBXBuildFile; fileRef = A2C873572A79095A000FF483 /* AppWrapper.swift */; };
/* End PBXBuildFile section */

/* Begin PBXFileReference section */
		49489146A4B125BC4686BDB1 /* Auth.graphql */ = {isa = PBXFileReference; lastKnownFileType = file.graphql; path = Auth.graphql; sourceTree = "<group>"; };
		494894E058C8B509A12197C2 /* .graphqlconfig */ = {isa = PBXFileReference; fileEncoding = 4; lastKnownFileType = file.graphqlconfig; path = .graphqlconfig; sourceTree = "<group>"; };
		49489C8560F5D30EB16C481A /* SurfSpots.graphql */ = {isa = PBXFileReference; lastKnownFileType = file.graphql; path = SurfSpots.graphql; sourceTree = "<group>"; };
		A2A1BBB82A790B56001248B7 /* SurfSpotDetail.swift */ = {isa = PBXFileReference; lastKnownFileType = sourcecode.swift; path = SurfSpotDetail.swift; sourceTree = "<group>"; };
		A2C872F32A783DF2000FF483 /* SurfSpotMangerrz.app */ = {isa = PBXFileReference; explicitFileType = wrapper.application; includeInIndex = 0; path = SurfSpotMangerrz.app; sourceTree = BUILT_PRODUCTS_DIR; };
		A2C872F62A783DF2000FF483 /* SurfSpotMangerrzApp.swift */ = {isa = PBXFileReference; lastKnownFileType = sourcecode.swift; path = SurfSpotMangerrzApp.swift; sourceTree = "<group>"; };
		A2C872F82A783DF2000FF483 /* ContentView.swift */ = {isa = PBXFileReference; lastKnownFileType = sourcecode.swift; path = ContentView.swift; sourceTree = "<group>"; };
		A2C872FA2A783DF3000FF483 /* Assets.xcassets */ = {isa = PBXFileReference; lastKnownFileType = folder.assetcatalog; path = Assets.xcassets; sourceTree = "<group>"; };
		A2C872FC2A783DF3000FF483 /* SurfSpotMangerrz.entitlements */ = {isa = PBXFileReference; lastKnownFileType = text.plist.entitlements; path = SurfSpotMangerrz.entitlements; sourceTree = "<group>"; };
		A2C872FE2A783DF3000FF483 /* Preview Assets.xcassets */ = {isa = PBXFileReference; lastKnownFileType = folder.assetcatalog; path = "Preview Assets.xcassets"; sourceTree = "<group>"; };
		A2C873082A783E7A000FF483 /* Constants.swift */ = {isa = PBXFileReference; lastKnownFileType = sourcecode.swift; path = Constants.swift; sourceTree = "<group>"; };
		A2C8730C2A783EB6000FF483 /* Login.swift */ = {isa = PBXFileReference; lastKnownFileType = sourcecode.swift; path = Login.swift; sourceTree = "<group>"; };
		A2C8730F2A783EC4000FF483 /* Registration.swift */ = {isa = PBXFileReference; lastKnownFileType = sourcecode.swift; path = Registration.swift; sourceTree = "<group>"; };
		A2C873112A783ED6000FF483 /* SurfSpotList.swift */ = {isa = PBXFileReference; lastKnownFileType = sourcecode.swift; path = SurfSpotList.swift; sourceTree = "<group>"; };
		A2C873172A783F18000FF483 /* Network.swift */ = {isa = PBXFileReference; lastKnownFileType = sourcecode.swift; path = Network.swift; sourceTree = "<group>"; };
		A2C873192A783F58000FF483 /* NetworkInterceptorProvider.swift */ = {isa = PBXFileReference; lastKnownFileType = sourcecode.swift; path = NetworkInterceptorProvider.swift; sourceTree = "<group>"; };
		A2C8731B2A783F6E000FF483 /* AuthorizationInterceptor.swift */ = {isa = PBXFileReference; lastKnownFileType = sourcecode.swift; path = AuthorizationInterceptor.swift; sourceTree = "<group>"; };
		A2C873252A784136000FF483 /* User.graphql */ = {isa = PBXFileReference; fileEncoding = 4; lastKnownFileType = text.xml; path = User.graphql; sourceTree = "<group>"; };
		A2C873272A7841B0000FF483 /* apollo-codegen-config.json */ = {isa = PBXFileReference; fileEncoding = 4; lastKnownFileType = text.json; path = "apollo-codegen-config.json"; sourceTree = "<group>"; };
		A2C873322A78444A000FF483 /* SurfSpotManagerrzApi */ = {isa = PBXFileReference; lastKnownFileType = wrapper; name = SurfSpotManagerrzApi; path = ../SurfSpotManagerrzApi; sourceTree = "<group>"; };
		A2C873362A7844B4000FF483 /* AuthViewModel.swift */ = {isa = PBXFileReference; lastKnownFileType = sourcecode.swift; path = AuthViewModel.swift; sourceTree = "<group>"; };
		A2C873392A7845B3000FF483 /* Authorization.swift */ = {isa = PBXFileReference; lastKnownFileType = sourcecode.swift; path = Authorization.swift; sourceTree = "<group>"; };
		A2C8733C2A7845FF000FF483 /* View+Border.swift */ = {isa = PBXFileReference; lastKnownFileType = sourcecode.swift; path = "View+Border.swift"; sourceTree = "<group>"; };
		A2C8733E2A7854DB000FF483 /* SurfSpotViewModel.swift */ = {isa = PBXFileReference; lastKnownFileType = sourcecode.swift; path = SurfSpotViewModel.swift; sourceTree = "<group>"; };
		A2C873412A7857AD000FF483 /* HighlightedText.swift */ = {isa = PBXFileReference; lastKnownFileType = sourcecode.swift; path = HighlightedText.swift; sourceTree = "<group>"; };
		A2C873432A78DBA9000FF483 /* AddressViewModel.swift */ = {isa = PBXFileReference; lastKnownFileType = sourcecode.swift; path = AddressViewModel.swift; sourceTree = "<group>"; };
		A2C873452A78DEA1000FF483 /* AddressSelection.swift */ = {isa = PBXFileReference; lastKnownFileType = sourcecode.swift; path = AddressSelection.swift; sourceTree = "<group>"; };
		A2C873472A78E3A5000FF483 /* backend-schema.graphql */ = {isa = PBXFileReference; fileEncoding = 4; lastKnownFileType = text; path = "backend-schema.graphql"; sourceTree = "<group>"; };
		A2C8734C2A78F01E000FF483 /* SurfSpotPreview.swift */ = {isa = PBXFileReference; lastKnownFileType = sourcecode.swift; path = SurfSpotPreview.swift; sourceTree = "<group>"; };
		A2C8734E2A78F04B000FF483 /* SurfSpotEdit.swift */ = {isa = PBXFileReference; lastKnownFileType = sourcecode.swift; path = SurfSpotEdit.swift; sourceTree = "<group>"; };
		A2C873502A78FC81000FF483 /* LocationSummary.swift */ = {isa = PBXFileReference; lastKnownFileType = sourcecode.swift; path = LocationSummary.swift; sourceTree = "<group>"; };
		A2C873522A790483000FF483 /* Rating.swift */ = {isa = PBXFileReference; lastKnownFileType = sourcecode.swift; path = Rating.swift; sourceTree = "<group>"; };
		A2C873552A790953000FF483 /* Profile.swift */ = {isa = PBXFileReference; lastKnownFileType = sourcecode.swift; path = Profile.swift; sourceTree = "<group>"; };
		A2C873572A79095A000FF483 /* AppWrapper.swift */ = {isa = PBXFileReference; lastKnownFileType = sourcecode.swift; path = AppWrapper.swift; sourceTree = "<group>"; };
/* End PBXFileReference section */

/* Begin PBXFrameworksBuildPhase section */
		A2C872F02A783DF2000FF483 /* Frameworks */ = {
			isa = PBXFrameworksBuildPhase;
			buildActionMask = 2147483647;
			files = (
				A2C8731F2A783F8F000FF483 /* KeychainSwift in Frameworks */,
				A2C873072A783E6A000FF483 /* Apollo in Frameworks */,
				A2C873352A784452000FF483 /* SurfSpotManagerrzApi in Frameworks */,
			);
			runOnlyForDeploymentPostprocessing = 0;
		};
/* End PBXFrameworksBuildPhase section */

/* Begin PBXGroup section */
		A2C872EA2A783DF2000FF483 = {
			isa = PBXGroup;
			children = (
				A2C873472A78E3A5000FF483 /* backend-schema.graphql */,
				A2C873312A78444A000FF483 /* Packages */,
				A2C873272A7841B0000FF483 /* apollo-codegen-config.json */,
				A2C873242A784136000FF483 /* graphql */,
				A2C872F52A783DF2000FF483 /* SurfSpotMangerrz */,
				A2C872F42A783DF2000FF483 /* Products */,
				494894E058C8B509A12197C2 /* .graphqlconfig */,
				A2C873332A784452000FF483 /* Frameworks */,
			);
			sourceTree = "<group>";
		};
		A2C872F42A783DF2000FF483 /* Products */ = {
			isa = PBXGroup;
			children = (
				A2C872F32A783DF2000FF483 /* SurfSpotMangerrz.app */,
			);
			name = Products;
			sourceTree = "<group>";
		};
		A2C872F52A783DF2000FF483 /* SurfSpotMangerrz */ = {
			isa = PBXGroup;
			children = (
				A2C873162A783F05000FF483 /* Network */,
				A2C873152A783EE8000FF483 /* ViewModels */,
				A2C8730A2A783EA2000FF483 /* UI */,
				A2C872F62A783DF2000FF483 /* SurfSpotMangerrzApp.swift */,
				A2C872FA2A783DF3000FF483 /* Assets.xcassets */,
				A2C872FC2A783DF3000FF483 /* SurfSpotMangerrz.entitlements */,
				A2C872FD2A783DF3000FF483 /* Preview Content */,
				A2C873082A783E7A000FF483 /* Constants.swift */,
			);
			path = SurfSpotMangerrz;
			sourceTree = "<group>";
		};
		A2C872FD2A783DF3000FF483 /* Preview Content */ = {
			isa = PBXGroup;
			children = (
				A2C872FE2A783DF3000FF483 /* Preview Assets.xcassets */,
			);
			path = "Preview Content";
			sourceTree = "<group>";
		};
		A2C8730A2A783EA2000FF483 /* UI */ = {
			isa = PBXGroup;
			children = (
				A2C873402A7857A4000FF483 /* Common */,
				A2C8733B2A7845F6000FF483 /* Modifiers */,
				A2C8730B2A783EAB000FF483 /* Views */,
				A2C872F82A783DF2000FF483 /* ContentView.swift */,
			);
			path = UI;
			sourceTree = "<group>";
		};
		A2C8730B2A783EAB000FF483 /* Views */ = {
			isa = PBXGroup;
			children = (
				A2C873542A79094A000FF483 /* App */,
				A2C873382A7845A0000FF483 /* Authorization */,
			);
			path = Views;
			sourceTree = "<group>";
		};
		A2C873152A783EE8000FF483 /* ViewModels */ = {
			isa = PBXGroup;
			children = (
				A2C873362A7844B4000FF483 /* AuthViewModel.swift */,
				A2C8733E2A7854DB000FF483 /* SurfSpotViewModel.swift */,
				A2C873432A78DBA9000FF483 /* AddressViewModel.swift */,
			);
			path = ViewModels;
			sourceTree = "<group>";
		};
		A2C873162A783F05000FF483 /* Network */ = {
			isa = PBXGroup;
			children = (
				A2C873172A783F18000FF483 /* Network.swift */,
				A2C873192A783F58000FF483 /* NetworkInterceptorProvider.swift */,
				A2C8731B2A783F6E000FF483 /* AuthorizationInterceptor.swift */,
			);
			path = Network;
			sourceTree = "<group>";
		};
		A2C873242A784136000FF483 /* graphql */ = {
			isa = PBXGroup;
			children = (
				A2C873252A784136000FF483 /* User.graphql */,
				49489146A4B125BC4686BDB1 /* Auth.graphql */,
				49489C8560F5D30EB16C481A /* SurfSpots.graphql */,
			);
			path = graphql;
			sourceTree = "<group>";
		};
		A2C873312A78444A000FF483 /* Packages */ = {
			isa = PBXGroup;
			children = (
				A2C873322A78444A000FF483 /* SurfSpotManagerrzApi */,
			);
			name = Packages;
			sourceTree = "<group>";
		};
		A2C873332A784452000FF483 /* Frameworks */ = {
			isa = PBXGroup;
			children = (
			);
			name = Frameworks;
			sourceTree = "<group>";
		};
		A2C873382A7845A0000FF483 /* Authorization */ = {
			isa = PBXGroup;
			children = (
				A2C8730F2A783EC4000FF483 /* Registration.swift */,
				A2C8730C2A783EB6000FF483 /* Login.swift */,
				A2C873392A7845B3000FF483 /* Authorization.swift */,
			);
			path = Authorization;
			sourceTree = "<group>";
		};
		A2C8733B2A7845F6000FF483 /* Modifiers */ = {
			isa = PBXGroup;
			children = (
				A2C8733C2A7845FF000FF483 /* View+Border.swift */,
			);
			path = Modifiers;
			sourceTree = "<group>";
		};
		A2C873402A7857A4000FF483 /* Common */ = {
			isa = PBXGroup;
			children = (
				A2C873412A7857AD000FF483 /* HighlightedText.swift */,
				A2C873452A78DEA1000FF483 /* AddressSelection.swift */,
				A2C873502A78FC81000FF483 /* LocationSummary.swift */,
				A2C873522A790483000FF483 /* Rating.swift */,
			);
			path = Common;
			sourceTree = "<group>";
		};
		A2C873492A78F005000FF483 /* SurfSpots */ = {
			isa = PBXGroup;
			children = (
				A2C873112A783ED6000FF483 /* SurfSpotList.swift */,
				A2C8734C2A78F01E000FF483 /* SurfSpotPreview.swift */,
				A2C8734E2A78F04B000FF483 /* SurfSpotEdit.swift */,
				A2A1BBB82A790B56001248B7 /* SurfSpotDetail.swift */,
			);
			path = SurfSpots;
			sourceTree = "<group>";
		};
		A2C873542A79094A000FF483 /* App */ = {
			isa = PBXGroup;
			children = (
				A2C873492A78F005000FF483 /* SurfSpots */,
				A2C873552A790953000FF483 /* Profile.swift */,
				A2C873572A79095A000FF483 /* AppWrapper.swift */,
			);
			path = App;
			sourceTree = "<group>";
		};
/* End PBXGroup section */

/* Begin PBXNativeTarget section */
		A2C872F22A783DF2000FF483 /* SurfSpotMangerrz */ = {
			isa = PBXNativeTarget;
			buildConfigurationList = A2C873022A783DF3000FF483 /* Build configuration list for PBXNativeTarget "SurfSpotMangerrz" */;
			buildPhases = (
				A2C872EF2A783DF2000FF483 /* Sources */,
				A2C872F02A783DF2000FF483 /* Frameworks */,
				A2C872F12A783DF2000FF483 /* Resources */,
			);
			buildRules = (
			);
			dependencies = (
			);
			name = SurfSpotMangerrz;
			packageProductDependencies = (
				A2C873062A783E6A000FF483 /* Apollo */,
				A2C8731E2A783F8F000FF483 /* KeychainSwift */,
				A2C873342A784452000FF483 /* SurfSpotManagerrzApi */,
			);
			productName = SurfSpotMangerrz;
			productReference = A2C872F32A783DF2000FF483 /* SurfSpotMangerrz.app */;
			productType = "com.apple.product-type.application";
		};
/* End PBXNativeTarget section */

/* Begin PBXProject section */
		A2C872EB2A783DF2000FF483 /* Project object */ = {
			isa = PBXProject;
			attributes = {
				BuildIndependentTargetsInParallel = 1;
				LastSwiftUpdateCheck = 1430;
				LastUpgradeCheck = 1430;
				TargetAttributes = {
					A2C872F22A783DF2000FF483 = {
						CreatedOnToolsVersion = 14.3.1;
					};
				};
			};
			buildConfigurationList = A2C872EE2A783DF2000FF483 /* Build configuration list for PBXProject "SurfSpotMangerrz" */;
			compatibilityVersion = "Xcode 14.0";
			developmentRegion = en;
			hasScannedForEncodings = 0;
			knownRegions = (
				en,
				Base,
			);
			mainGroup = A2C872EA2A783DF2000FF483;
			packageReferences = (
				A2C873052A783E6A000FF483 /* XCRemoteSwiftPackageReference "apollo-ios" */,
				A2C8731D2A783F8F000FF483 /* XCRemoteSwiftPackageReference "keychain-swift" */,
			);
			productRefGroup = A2C872F42A783DF2000FF483 /* Products */;
			projectDirPath = "";
			projectRoot = "";
			targets = (
				A2C872F22A783DF2000FF483 /* SurfSpotMangerrz */,
			);
		};
/* End PBXProject section */

/* Begin PBXResourcesBuildPhase section */
		A2C872F12A783DF2000FF483 /* Resources */ = {
			isa = PBXResourcesBuildPhase;
			buildActionMask = 2147483647;
			files = (
				A2C873262A784136000FF483 /* User.graphql in Resources */,
				A2C873482A78E3A5000FF483 /* backend-schema.graphql in Resources */,
				A2C872FF2A783DF3000FF483 /* Preview Assets.xcassets in Resources */,
				A2C873282A7841B0000FF483 /* apollo-codegen-config.json in Resources */,
				A2C872FB2A783DF3000FF483 /* Assets.xcassets in Resources */,
				494890A7E78C1B44A3776CE9 /* .graphqlconfig in Resources */,
				49489BB344D52E3C43F71AC8 /* Auth.graphql in Resources */,
				49489F22C0B40673C46120DB /* SurfSpots.graphql in Resources */,
			);
			runOnlyForDeploymentPostprocessing = 0;
		};
/* End PBXResourcesBuildPhase section */

/* Begin PBXSourcesBuildPhase section */
		A2C872EF2A783DF2000FF483 /* Sources */ = {
			isa = PBXSourcesBuildPhase;
			buildActionMask = 2147483647;
			files = (
				A2C872F92A783DF2000FF483 /* ContentView.swift in Sources */,
				A2C8733D2A7845FF000FF483 /* View+Border.swift in Sources */,
				A2C873582A79095A000FF483 /* AppWrapper.swift in Sources */,
				A2C8734D2A78F01E000FF483 /* SurfSpotPreview.swift in Sources */,
				A2C872F72A783DF2000FF483 /* SurfSpotMangerrzApp.swift in Sources */,
				A2C873462A78DEA1000FF483 /* AddressSelection.swift in Sources */,
				A2C873532A790483000FF483 /* Rating.swift in Sources */,
				A2C8734F2A78F04B000FF483 /* SurfSpotEdit.swift in Sources */,
				A2C8733A2A7845B3000FF483 /* Authorization.swift in Sources */,
				A2C8731A2A783F58000FF483 /* NetworkInterceptorProvider.swift in Sources */,
				A2C8733F2A7854DB000FF483 /* SurfSpotViewModel.swift in Sources */,
				A2C873442A78DBA9000FF483 /* AddressViewModel.swift in Sources */,
				A2C873182A783F18000FF483 /* Network.swift in Sources */,
				A2C873092A783E7A000FF483 /* Constants.swift in Sources */,
				A2C873122A783ED6000FF483 /* SurfSpotList.swift in Sources */,
				A2A1BBB92A790B56001248B7 /* SurfSpotDetail.swift in Sources */,
				A2C873372A7844B4000FF483 /* AuthViewModel.swift in Sources */,
				A2C873102A783EC4000FF483 /* Registration.swift in Sources */,
				A2C8730D2A783EB6000FF483 /* Login.swift in Sources */,
				A2C873422A7857AD000FF483 /* HighlightedText.swift in Sources */,
				A2C873562A790953000FF483 /* Profile.swift in Sources */,
				A2C8731C2A783F6E000FF483 /* AuthorizationInterceptor.swift in Sources */,
				A2C873512A78FC81000FF483 /* LocationSummary.swift in Sources */,
			);
			runOnlyForDeploymentPostprocessing = 0;
		};
/* End PBXSourcesBuildPhase section */

/* Begin XCBuildConfiguration section */
		A2C873002A783DF3000FF483 /* Debug */ = {
			isa = XCBuildConfiguration;
			buildSettings = {
				ALWAYS_SEARCH_USER_PATHS = NO;
				CLANG_ANALYZER_NONNULL = YES;
				CLANG_ANALYZER_NUMBER_OBJECT_CONVERSION = YES_AGGRESSIVE;
				CLANG_CXX_LANGUAGE_STANDARD = "gnu++20";
				CLANG_ENABLE_MODULES = YES;
				CLANG_ENABLE_OBJC_ARC = YES;
				CLANG_ENABLE_OBJC_WEAK = YES;
				CLANG_WARN_BLOCK_CAPTURE_AUTORELEASING = YES;
				CLANG_WARN_BOOL_CONVERSION = YES;
				CLANG_WARN_COMMA = YES;
				CLANG_WARN_CONSTANT_CONVERSION = YES;
				CLANG_WARN_DEPRECATED_OBJC_IMPLEMENTATIONS = YES;
				CLANG_WARN_DIRECT_OBJC_ISA_USAGE = YES_ERROR;
				CLANG_WARN_DOCUMENTATION_COMMENTS = YES;
				CLANG_WARN_EMPTY_BODY = YES;
				CLANG_WARN_ENUM_CONVERSION = YES;
				CLANG_WARN_INFINITE_RECURSION = YES;
				CLANG_WARN_INT_CONVERSION = YES;
				CLANG_WARN_NON_LITERAL_NULL_CONVERSION = YES;
				CLANG_WARN_OBJC_IMPLICIT_RETAIN_SELF = YES;
				CLANG_WARN_OBJC_LITERAL_CONVERSION = YES;
				CLANG_WARN_OBJC_ROOT_CLASS = YES_ERROR;
				CLANG_WARN_QUOTED_INCLUDE_IN_FRAMEWORK_HEADER = YES;
				CLANG_WARN_RANGE_LOOP_ANALYSIS = YES;
				CLANG_WARN_STRICT_PROTOTYPES = YES;
				CLANG_WARN_SUSPICIOUS_MOVE = YES;
				CLANG_WARN_UNGUARDED_AVAILABILITY = YES_AGGRESSIVE;
				CLANG_WARN_UNREACHABLE_CODE = YES;
				CLANG_WARN__DUPLICATE_METHOD_MATCH = YES;
				COPY_PHASE_STRIP = NO;
				DEBUG_INFORMATION_FORMAT = dwarf;
				ENABLE_STRICT_OBJC_MSGSEND = YES;
				ENABLE_TESTABILITY = YES;
				GCC_C_LANGUAGE_STANDARD = gnu11;
				GCC_DYNAMIC_NO_PIC = NO;
				GCC_NO_COMMON_BLOCKS = YES;
				GCC_OPTIMIZATION_LEVEL = 0;
				GCC_PREPROCESSOR_DEFINITIONS = (
					"DEBUG=1",
					"$(inherited)",
				);
				GCC_WARN_64_TO_32_BIT_CONVERSION = YES;
				GCC_WARN_ABOUT_RETURN_TYPE = YES_ERROR;
				GCC_WARN_UNDECLARED_SELECTOR = YES;
				GCC_WARN_UNINITIALIZED_AUTOS = YES_AGGRESSIVE;
				GCC_WARN_UNUSED_FUNCTION = YES;
				GCC_WARN_UNUSED_VARIABLE = YES;
				MTL_ENABLE_DEBUG_INFO = INCLUDE_SOURCE;
				MTL_FAST_MATH = YES;
				ONLY_ACTIVE_ARCH = YES;
				SWIFT_ACTIVE_COMPILATION_CONDITIONS = DEBUG;
				SWIFT_OPTIMIZATION_LEVEL = "-Onone";
			};
			name = Debug;
		};
		A2C873012A783DF3000FF483 /* Release */ = {
			isa = XCBuildConfiguration;
			buildSettings = {
				ALWAYS_SEARCH_USER_PATHS = NO;
				CLANG_ANALYZER_NONNULL = YES;
				CLANG_ANALYZER_NUMBER_OBJECT_CONVERSION = YES_AGGRESSIVE;
				CLANG_CXX_LANGUAGE_STANDARD = "gnu++20";
				CLANG_ENABLE_MODULES = YES;
				CLANG_ENABLE_OBJC_ARC = YES;
				CLANG_ENABLE_OBJC_WEAK = YES;
				CLANG_WARN_BLOCK_CAPTURE_AUTORELEASING = YES;
				CLANG_WARN_BOOL_CONVERSION = YES;
				CLANG_WARN_COMMA = YES;
				CLANG_WARN_CONSTANT_CONVERSION = YES;
				CLANG_WARN_DEPRECATED_OBJC_IMPLEMENTATIONS = YES;
				CLANG_WARN_DIRECT_OBJC_ISA_USAGE = YES_ERROR;
				CLANG_WARN_DOCUMENTATION_COMMENTS = YES;
				CLANG_WARN_EMPTY_BODY = YES;
				CLANG_WARN_ENUM_CONVERSION = YES;
				CLANG_WARN_INFINITE_RECURSION = YES;
				CLANG_WARN_INT_CONVERSION = YES;
				CLANG_WARN_NON_LITERAL_NULL_CONVERSION = YES;
				CLANG_WARN_OBJC_IMPLICIT_RETAIN_SELF = YES;
				CLANG_WARN_OBJC_LITERAL_CONVERSION = YES;
				CLANG_WARN_OBJC_ROOT_CLASS = YES_ERROR;
				CLANG_WARN_QUOTED_INCLUDE_IN_FRAMEWORK_HEADER = YES;
				CLANG_WARN_RANGE_LOOP_ANALYSIS = YES;
				CLANG_WARN_STRICT_PROTOTYPES = YES;
				CLANG_WARN_SUSPICIOUS_MOVE = YES;
				CLANG_WARN_UNGUARDED_AVAILABILITY = YES_AGGRESSIVE;
				CLANG_WARN_UNREACHABLE_CODE = YES;
				CLANG_WARN__DUPLICATE_METHOD_MATCH = YES;
				COPY_PHASE_STRIP = NO;
				DEBUG_INFORMATION_FORMAT = "dwarf-with-dsym";
				ENABLE_NS_ASSERTIONS = NO;
				ENABLE_STRICT_OBJC_MSGSEND = YES;
				GCC_C_LANGUAGE_STANDARD = gnu11;
				GCC_NO_COMMON_BLOCKS = YES;
				GCC_WARN_64_TO_32_BIT_CONVERSION = YES;
				GCC_WARN_ABOUT_RETURN_TYPE = YES_ERROR;
				GCC_WARN_UNDECLARED_SELECTOR = YES;
				GCC_WARN_UNINITIALIZED_AUTOS = YES_AGGRESSIVE;
				GCC_WARN_UNUSED_FUNCTION = YES;
				GCC_WARN_UNUSED_VARIABLE = YES;
				MTL_ENABLE_DEBUG_INFO = NO;
				MTL_FAST_MATH = YES;
				SWIFT_COMPILATION_MODE = wholemodule;
				SWIFT_OPTIMIZATION_LEVEL = "-O";
			};
			name = Release;
		};
		A2C873032A783DF3000FF483 /* Debug */ = {
			isa = XCBuildConfiguration;
			buildSettings = {
				ASSETCATALOG_COMPILER_APPICON_NAME = AppIcon;
				ASSETCATALOG_COMPILER_GLOBAL_ACCENT_COLOR_NAME = AccentColor;
				CODE_SIGN_ENTITLEMENTS = SurfSpotMangerrz/SurfSpotMangerrz.entitlements;
				CODE_SIGN_STYLE = Automatic;
				CURRENT_PROJECT_VERSION = 1;
				DEVELOPMENT_ASSET_PATHS = "\"SurfSpotMangerrz/Preview Content\"";
				DEVELOPMENT_TEAM = 3QCWYC7N8Q;
				ENABLE_HARDENED_RUNTIME = YES;
				ENABLE_PREVIEWS = YES;
				GENERATE_INFOPLIST_FILE = YES;
				INFOPLIST_KEY_CFBundleDisplayName = SurfSpotManagerrz;
				"INFOPLIST_KEY_UIApplicationSceneManifest_Generation[sdk=iphoneos*]" = YES;
				"INFOPLIST_KEY_UIApplicationSceneManifest_Generation[sdk=iphonesimulator*]" = YES;
				"INFOPLIST_KEY_UIApplicationSupportsIndirectInputEvents[sdk=iphoneos*]" = YES;
				"INFOPLIST_KEY_UIApplicationSupportsIndirectInputEvents[sdk=iphonesimulator*]" = YES;
				"INFOPLIST_KEY_UILaunchScreen_Generation[sdk=iphoneos*]" = YES;
				"INFOPLIST_KEY_UILaunchScreen_Generation[sdk=iphonesimulator*]" = YES;
				"INFOPLIST_KEY_UIStatusBarStyle[sdk=iphoneos*]" = UIStatusBarStyleDefault;
				"INFOPLIST_KEY_UIStatusBarStyle[sdk=iphonesimulator*]" = UIStatusBarStyleDefault;
				INFOPLIST_KEY_UISupportedInterfaceOrientations_iPad = "UIInterfaceOrientationPortrait UIInterfaceOrientationPortraitUpsideDown UIInterfaceOrientationLandscapeLeft UIInterfaceOrientationLandscapeRight";
				INFOPLIST_KEY_UISupportedInterfaceOrientations_iPhone = "UIInterfaceOrientationPortrait UIInterfaceOrientationLandscapeLeft UIInterfaceOrientationLandscapeRight";
				IPHONEOS_DEPLOYMENT_TARGET = 16.4;
				LD_RUNPATH_SEARCH_PATHS = "@executable_path/Frameworks";
				"LD_RUNPATH_SEARCH_PATHS[sdk=macosx*]" = "@executable_path/../Frameworks";
				MACOSX_DEPLOYMENT_TARGET = 13.3;
				MARKETING_VERSION = 1.0;
				PRODUCT_BUNDLE_IDENTIFIER = com.avelios.SurfSpotMangerrz;
				PRODUCT_NAME = "$(TARGET_NAME)";
				SDKROOT = auto;
				SUPPORTED_PLATFORMS = "iphoneos iphonesimulator";
				SUPPORTS_MACCATALYST = NO;
				SUPPORTS_MAC_DESIGNED_FOR_IPHONE_IPAD = NO;
				SWIFT_EMIT_LOC_STRINGS = YES;
				SWIFT_VERSION = 5.0;
				TARGETED_DEVICE_FAMILY = 1;
			};
			name = Debug;
		};
		A2C873042A783DF3000FF483 /* Release */ = {
			isa = XCBuildConfiguration;
			buildSettings = {
				ASSETCATALOG_COMPILER_APPICON_NAME = AppIcon;
				ASSETCATALOG_COMPILER_GLOBAL_ACCENT_COLOR_NAME = AccentColor;
				CODE_SIGN_ENTITLEMENTS = SurfSpotMangerrz/SurfSpotMangerrz.entitlements;
				CODE_SIGN_STYLE = Automatic;
				CURRENT_PROJECT_VERSION = 1;
				DEVELOPMENT_ASSET_PATHS = "\"SurfSpotMangerrz/Preview Content\"";
				DEVELOPMENT_TEAM = 3QCWYC7N8Q;
				ENABLE_HARDENED_RUNTIME = YES;
				ENABLE_PREVIEWS = YES;
				GENERATE_INFOPLIST_FILE = YES;
				INFOPLIST_KEY_CFBundleDisplayName = SurfSpotManagerrz;
				"INFOPLIST_KEY_UIApplicationSceneManifest_Generation[sdk=iphoneos*]" = YES;
				"INFOPLIST_KEY_UIApplicationSceneManifest_Generation[sdk=iphonesimulator*]" = YES;
				"INFOPLIST_KEY_UIApplicationSupportsIndirectInputEvents[sdk=iphoneos*]" = YES;
				"INFOPLIST_KEY_UIApplicationSupportsIndirectInputEvents[sdk=iphonesimulator*]" = YES;
				"INFOPLIST_KEY_UILaunchScreen_Generation[sdk=iphoneos*]" = YES;
				"INFOPLIST_KEY_UILaunchScreen_Generation[sdk=iphonesimulator*]" = YES;
				"INFOPLIST_KEY_UIStatusBarStyle[sdk=iphoneos*]" = UIStatusBarStyleDefault;
				"INFOPLIST_KEY_UIStatusBarStyle[sdk=iphonesimulator*]" = UIStatusBarStyleDefault;
				INFOPLIST_KEY_UISupportedInterfaceOrientations_iPad = "UIInterfaceOrientationPortrait UIInterfaceOrientationPortraitUpsideDown UIInterfaceOrientationLandscapeLeft UIInterfaceOrientationLandscapeRight";
				INFOPLIST_KEY_UISupportedInterfaceOrientations_iPhone = "UIInterfaceOrientationPortrait UIInterfaceOrientationLandscapeLeft UIInterfaceOrientationLandscapeRight";
				IPHONEOS_DEPLOYMENT_TARGET = 16.4;
				LD_RUNPATH_SEARCH_PATHS = "@executable_path/Frameworks";
				"LD_RUNPATH_SEARCH_PATHS[sdk=macosx*]" = "@executable_path/../Frameworks";
				MACOSX_DEPLOYMENT_TARGET = 13.3;
				MARKETING_VERSION = 1.0;
				PRODUCT_BUNDLE_IDENTIFIER = com.avelios.SurfSpotMangerrz;
				PRODUCT_NAME = "$(TARGET_NAME)";
				SDKROOT = auto;
				SUPPORTED_PLATFORMS = "iphoneos iphonesimulator";
				SUPPORTS_MACCATALYST = NO;
				SUPPORTS_MAC_DESIGNED_FOR_IPHONE_IPAD = NO;
				SWIFT_EMIT_LOC_STRINGS = YES;
				SWIFT_VERSION = 5.0;
				TARGETED_DEVICE_FAMILY = 1;
			};
			name = Release;
		};
/* End XCBuildConfiguration section */

/* Begin XCConfigurationList section */
		A2C872EE2A783DF2000FF483 /* Build configuration list for PBXProject "SurfSpotMangerrz" */ = {
			isa = XCConfigurationList;
			buildConfigurations = (
				A2C873002A783DF3000FF483 /* Debug */,
				A2C873012A783DF3000FF483 /* Release */,
			);
			defaultConfigurationIsVisible = 0;
			defaultConfigurationName = Release;
		};
		A2C873022A783DF3000FF483 /* Build configuration list for PBXNativeTarget "SurfSpotMangerrz" */ = {
			isa = XCConfigurationList;
			buildConfigurations = (
				A2C873032A783DF3000FF483 /* Debug */,
				A2C873042A783DF3000FF483 /* Release */,
			);
			defaultConfigurationIsVisible = 0;
			defaultConfigurationName = Release;
		};
/* End XCConfigurationList section */

/* Begin XCRemoteSwiftPackageReference section */
		A2C873052A783E6A000FF483 /* XCRemoteSwiftPackageReference "apollo-ios" */ = {
			isa = XCRemoteSwiftPackageReference;
			repositoryURL = "https://github.com/apollographql/apollo-ios.git";
			requirement = {
				kind = exactVersion;
				version = 1.3.2;
			};
		};
		A2C8731D2A783F8F000FF483 /* XCRemoteSwiftPackageReference "keychain-swift" */ = {
			isa = XCRemoteSwiftPackageReference;
			repositoryURL = "https://github.com/evgenyneu/keychain-swift";
			requirement = {
				kind = upToNextMajorVersion;
				minimumVersion = 20.0.0;
			};
		};
/* End XCRemoteSwiftPackageReference section */

/* Begin XCSwiftPackageProductDependency section */
		A2C873062A783E6A000FF483 /* Apollo */ = {
			isa = XCSwiftPackageProductDependency;
			package = A2C873052A783E6A000FF483 /* XCRemoteSwiftPackageReference "apollo-ios" */;
			productName = Apollo;
		};
		A2C8731E2A783F8F000FF483 /* KeychainSwift */ = {
			isa = XCSwiftPackageProductDependency;
			package = A2C8731D2A783F8F000FF483 /* XCRemoteSwiftPackageReference "keychain-swift" */;
			productName = KeychainSwift;
		};
		A2C873342A784452000FF483 /* SurfSpotManagerrzApi */ = {
			isa = XCSwiftPackageProductDependency;
			productName = SurfSpotManagerrzApi;
		};
/* End XCSwiftPackageProductDependency section */
	};
	rootObject = A2C872EB2A783DF2000FF483 /* Project object */;
}
